// !$*UTF8*$!
{
	archiveVersion = 1;
	classes = {
	};
	objectVersion = 55;
	objects = {

/* Begin PBXBuildFile section */
		8A348FFA28AEFC5600ECB07D /* Contacts_AppApp.swift in Sources */ = {isa = PBXBuildFile; fileRef = 8A348FF928AEFC5600ECB07D /* Contacts_AppApp.swift */; };
		8A348FFC28AEFC5600ECB07D /* ContentView.swift in Sources */ = {isa = PBXBuildFile; fileRef = 8A348FFB28AEFC5600ECB07D /* ContentView.swift */; };
		8A348FFE28AEFC5A00ECB07D /* Assets.xcassets in Resources */ = {isa = PBXBuildFile; fileRef = 8A348FFD28AEFC5A00ECB07D /* Assets.xcassets */; };
		8A34900128AEFC5A00ECB07D /* Preview Assets.xcassets in Resources */ = {isa = PBXBuildFile; fileRef = 8A34900028AEFC5A00ECB07D /* Preview Assets.xcassets */; };
		8A34900928AEFCC900ECB07D /* data.json in Resources */ = {isa = PBXBuildFile; fileRef = 8A34900828AEFCC900ECB07D /* data.json */; };
		8A34900C28AEFDD800ECB07D /* ContactsModel.swift in Sources */ = {isa = PBXBuildFile; fileRef = 8A34900B28AEFDD800ECB07D /* ContactsModel.swift */; };
		8A34900F28AEFEB100ECB07D /* CodableBundleExtension.swift in Sources */ = {isa = PBXBuildFile; fileRef = 8A34900E28AEFEB100ECB07D /* CodableBundleExtension.swift */; };
		8A34901228AEFFFF00ECB07D /* ContactListItem.swift in Sources */ = {isa = PBXBuildFile; fileRef = 8A34901128AEFFFF00ECB07D /* ContactListItem.swift */; };
		8A533F8128AF340800365074 /* FontSheet.swift in Sources */ = {isa = PBXBuildFile; fileRef = 8A533F8028AF340800365074 /* FontSheet.swift */; };
		8A533F8528AF854600365074 /* StyleSheet.swift in Sources */ = {isa = PBXBuildFile; fileRef = 8A533F8428AF854600365074 /* StyleSheet.swift */; };
		8A533F8728AF85C300365074 /* UIColorExtension.swift in Sources */ = {isa = PBXBuildFile; fileRef = 8A533F8628AF85C300365074 /* UIColorExtension.swift */; };
		8A533F8928AF8DFA00365074 /* DetailsView.swift in Sources */ = {isa = PBXBuildFile; fileRef = 8A533F8828AF8DFA00365074 /* DetailsView.swift */; };
		8A9207AB28AFFBC8003181BF /* AddContactView.swift in Sources */ = {isa = PBXBuildFile; fileRef = 8A9207AA28AFFBC8003181BF /* AddContactView.swift */; };
		8A9207AE28B00514003181BF /* JSONProvider.swift in Sources */ = {isa = PBXBuildFile; fileRef = 8A9207AD28B00514003181BF /* JSONProvider.swift */; };
/* End PBXBuildFile section */

/* Begin PBXFileReference section */
		8A348FF628AEFC5600ECB07D /* Contacts App.app */ = {isa = PBXFileReference; explicitFileType = wrapper.application; includeInIndex = 0; path = "Contacts App.app"; sourceTree = BUILT_PRODUCTS_DIR; };
		8A348FF928AEFC5600ECB07D /* Contacts_AppApp.swift */ = {isa = PBXFileReference; lastKnownFileType = sourcecode.swift; path = Contacts_AppApp.swift; sourceTree = "<group>"; };
		8A348FFB28AEFC5600ECB07D /* ContentView.swift */ = {isa = PBXFileReference; lastKnownFileType = sourcecode.swift; path = ContentView.swift; sourceTree = "<group>"; };
		8A348FFD28AEFC5A00ECB07D /* Assets.xcassets */ = {isa = PBXFileReference; lastKnownFileType = folder.assetcatalog; path = Assets.xcassets; sourceTree = "<group>"; };
		8A34900028AEFC5A00ECB07D /* Preview Assets.xcassets */ = {isa = PBXFileReference; lastKnownFileType = folder.assetcatalog; path = "Preview Assets.xcassets"; sourceTree = "<group>"; };
		8A34900828AEFCC900ECB07D /* data.json */ = {isa = PBXFileReference; fileEncoding = 4; lastKnownFileType = text.json; path = data.json; sourceTree = "<group>"; };
		8A34900B28AEFDD800ECB07D /* ContactsModel.swift */ = {isa = PBXFileReference; lastKnownFileType = sourcecode.swift; path = ContactsModel.swift; sourceTree = "<group>"; };
		8A34900E28AEFEB100ECB07D /* CodableBundleExtension.swift */ = {isa = PBXFileReference; lastKnownFileType = sourcecode.swift; path = CodableBundleExtension.swift; sourceTree = "<group>"; };
		8A34901128AEFFFF00ECB07D /* ContactListItem.swift */ = {isa = PBXFileReference; lastKnownFileType = sourcecode.swift; path = ContactListItem.swift; sourceTree = "<group>"; };
		8A533F8028AF340800365074 /* FontSheet.swift */ = {isa = PBXFileReference; lastKnownFileType = sourcecode.swift; path = FontSheet.swift; sourceTree = "<group>"; };
		8A533F8428AF854600365074 /* StyleSheet.swift */ = {isa = PBXFileReference; lastKnownFileType = sourcecode.swift; path = StyleSheet.swift; sourceTree = "<group>"; };
		8A533F8628AF85C300365074 /* UIColorExtension.swift */ = {isa = PBXFileReference; lastKnownFileType = sourcecode.swift; path = UIColorExtension.swift; sourceTree = "<group>"; };
		8A533F8828AF8DFA00365074 /* DetailsView.swift */ = {isa = PBXFileReference; lastKnownFileType = sourcecode.swift; path = DetailsView.swift; sourceTree = "<group>"; };
		8A9207AA28AFFBC8003181BF /* AddContactView.swift */ = {isa = PBXFileReference; lastKnownFileType = sourcecode.swift; path = AddContactView.swift; sourceTree = "<group>"; };
		8A9207AD28B00514003181BF /* JSONProvider.swift */ = {isa = PBXFileReference; lastKnownFileType = sourcecode.swift; path = JSONProvider.swift; sourceTree = "<group>"; };
/* End PBXFileReference section */

/* Begin PBXFrameworksBuildPhase section */
		8A348FF328AEFC5600ECB07D /* Frameworks */ = {
			isa = PBXFrameworksBuildPhase;
			buildActionMask = 2147483647;
			files = (
			);
			runOnlyForDeploymentPostprocessing = 0;
		};
/* End PBXFrameworksBuildPhase section */

/* Begin PBXGroup section */
		8A348FED28AEFC5600ECB07D = {
			isa = PBXGroup;
			children = (
				8A348FF828AEFC5600ECB07D /* Contacts App */,
				8A348FF728AEFC5600ECB07D /* Products */,
			);
			sourceTree = "<group>";
		};
		8A348FF728AEFC5600ECB07D /* Products */ = {
			isa = PBXGroup;
			children = (
				8A348FF628AEFC5600ECB07D /* Contacts App.app */,
			);
			name = Products;
			sourceTree = "<group>";
		};
		8A348FF828AEFC5600ECB07D /* Contacts App */ = {
			isa = PBXGroup;
			children = (
				8A9207AC28B004F2003181BF /* ViewModels */,
				8A34901028AEFFD300ECB07D /* Common */,
				8A34900A28AEFD2000ECB07D /* Models */,
				8A34900728AEFCB100ECB07D /* Data */,
				8A9207AF28B01D95003181BF /* Screens */,
				8A348FF928AEFC5600ECB07D /* Contacts_AppApp.swift */,
				8A348FFD28AEFC5A00ECB07D /* Assets.xcassets */,
				8A34900D28AEFE8A00ECB07D /* Extension */,
				8A348FFF28AEFC5A00ECB07D /* Preview Content */,
			);
			path = "Contacts App";
			sourceTree = "<group>";
		};
		8A348FFF28AEFC5A00ECB07D /* Preview Content */ = {
			isa = PBXGroup;
			children = (
				8A34900028AEFC5A00ECB07D /* Preview Assets.xcassets */,
			);
			path = "Preview Content";
			sourceTree = "<group>";
		};
		8A34900728AEFCB100ECB07D /* Data */ = {
			isa = PBXGroup;
			children = (
				8A34900828AEFCC900ECB07D /* data.json */,
			);
			path = Data;
			sourceTree = "<group>";
		};
		8A34900A28AEFD2000ECB07D /* Models */ = {
			isa = PBXGroup;
			children = (
				8A34900B28AEFDD800ECB07D /* ContactsModel.swift */,
			);
			path = Models;
			sourceTree = "<group>";
		};
		8A34900D28AEFE8A00ECB07D /* Extension */ = {
			isa = PBXGroup;
			children = (
				8A34900E28AEFEB100ECB07D /* CodableBundleExtension.swift */,
				8A533F8628AF85C300365074 /* UIColorExtension.swift */,
			);
			path = Extension;
			sourceTree = "<group>";
		};
		8A34901028AEFFD300ECB07D /* Common */ = {
			isa = PBXGroup;
			children = (
				8A34901128AEFFFF00ECB07D /* ContactListItem.swift */,
				8A34901328AF026600ECB07D /* StyleSheet */,
			);
			path = Common;
			sourceTree = "<group>";
		};
		8A34901328AF026600ECB07D /* StyleSheet */ = {
			isa = PBXGroup;
			children = (
				8A533F8028AF340800365074 /* FontSheet.swift */,
				8A533F8428AF854600365074 /* StyleSheet.swift */,
			);
			path = StyleSheet;
			sourceTree = "<group>";
		};
		8A9207AC28B004F2003181BF /* ViewModels */ = {
			isa = PBXGroup;
			children = (
				8A9207AD28B00514003181BF /* JSONProvider.swift */,
			);
			path = ViewModels;
			sourceTree = "<group>";
		};
		8A9207AF28B01D95003181BF /* Screens */ = {
			isa = PBXGroup;
			children = (
				8A348FFB28AEFC5600ECB07D /* ContentView.swift */,
				8A533F8828AF8DFA00365074 /* DetailsView.swift */,
				8A9207AA28AFFBC8003181BF /* AddContactView.swift */,
			);
			path = Screens;
			sourceTree = "<group>";
		};
/* End PBXGroup section */

/* Begin PBXNativeTarget section */
		8A348FF528AEFC5600ECB07D /* Contacts App */ = {
			isa = PBXNativeTarget;
			buildConfigurationList = 8A34900428AEFC5A00ECB07D /* Build configuration list for PBXNativeTarget "Contacts App" */;
			buildPhases = (
				8A348FF228AEFC5600ECB07D /* Sources */,
				8A348FF328AEFC5600ECB07D /* Frameworks */,
				8A348FF428AEFC5600ECB07D /* Resources */,
			);
			buildRules = (
			);
			dependencies = (
			);
			name = "Contacts App";
			productName = "Contacts App";
			productReference = 8A348FF628AEFC5600ECB07D /* Contacts App.app */;
			productType = "com.apple.product-type.application";
		};
/* End PBXNativeTarget section */

/* Begin PBXProject section */
		8A348FEE28AEFC5600ECB07D /* Project object */ = {
			isa = PBXProject;
			attributes = {
				BuildIndependentTargetsInParallel = 1;
				LastSwiftUpdateCheck = 1340;
				LastUpgradeCheck = 1340;
				TargetAttributes = {
					8A348FF528AEFC5600ECB07D = {
						CreatedOnToolsVersion = 13.4;
					};
				};
			};
			buildConfigurationList = 8A348FF128AEFC5600ECB07D /* Build configuration list for PBXProject "Contacts App" */;
			compatibilityVersion = "Xcode 13.0";
			developmentRegion = en;
			hasScannedForEncodings = 0;
			knownRegions = (
				en,
				Base,
			);
			mainGroup = 8A348FED28AEFC5600ECB07D;
			productRefGroup = 8A348FF728AEFC5600ECB07D /* Products */;
			projectDirPath = "";
			projectRoot = "";
			targets = (
				8A348FF528AEFC5600ECB07D /* Contacts App */,
			);
		};
/* End PBXProject section */

/* Begin PBXResourcesBuildPhase section */
		8A348FF428AEFC5600ECB07D /* Resources */ = {
			isa = PBXResourcesBuildPhase;
			buildActionMask = 2147483647;
			files = (
				8A34900128AEFC5A00ECB07D /* Preview Assets.xcassets in Resources */,
				8A34900928AEFCC900ECB07D /* data.json in Resources */,
				8A348FFE28AEFC5A00ECB07D /* Assets.xcassets in Resources */,
			);
			runOnlyForDeploymentPostprocessing = 0;
		};
/* End PBXResourcesBuildPhase section */

/* Begin PBXSourcesBuildPhase section */
		8A348FF228AEFC5600ECB07D /* Sources */ = {
			isa = PBXSourcesBuildPhase;
			buildActionMask = 2147483647;
			files = (
				8A34900F28AEFEB100ECB07D /* CodableBundleExtension.swift in Sources */,
				8A9207AB28AFFBC8003181BF /* AddContactView.swift in Sources */,
				8A34901228AEFFFF00ECB07D /* ContactListItem.swift in Sources */,
				8A533F8928AF8DFA00365074 /* DetailsView.swift in Sources */,
				8A533F8128AF340800365074 /* FontSheet.swift in Sources */,
				8A533F8728AF85C300365074 /* UIColorExtension.swift in Sources */,
				8A9207AE28B00514003181BF /* JSONProvider.swift in Sources */,
				8A348FFC28AEFC5600ECB07D /* ContentView.swift in Sources */,
				8A34900C28AEFDD800ECB07D /* ContactsModel.swift in Sources */,
				8A348FFA28AEFC5600ECB07D /* Contacts_AppApp.swift in Sources */,
				8A533F8528AF854600365074 /* StyleSheet.swift in Sources */,
			);
			runOnlyForDeploymentPostprocessing = 0;
		};
/* End PBXSourcesBuildPhase section */

/* Begin XCBuildConfiguration section */
		8A34900228AEFC5A00ECB07D /* Debug */ = {
			isa = XCBuildConfiguration;
			buildSettings = {
				ALWAYS_SEARCH_USER_PATHS = NO;
				CLANG_ANALYZER_NONNULL = YES;
				CLANG_ANALYZER_NUMBER_OBJECT_CONVERSION = YES_AGGRESSIVE;
				CLANG_CXX_LANGUAGE_STANDARD = "gnu++17";
				CLANG_ENABLE_MODULES = YES;
				CLANG_ENABLE_OBJC_ARC = YES;
				CLANG_ENABLE_OBJC_WEAK = YES;
				CLANG_WARN_BLOCK_CAPTURE_AUTORELEASING = YES;
				CLANG_WARN_BOOL_CONVERSION = YES;
				CLANG_WARN_COMMA = YES;
				CLANG_WARN_CONSTANT_CONVERSION = YES;
				CLANG_WARN_DEPRECATED_OBJC_IMPLEMENTATIONS = YES;
				CLANG_WARN_DIRECT_OBJC_ISA_USAGE = YES_ERROR;
				CLANG_WARN_DOCUMENTATION_COMMENTS = YES;
				CLANG_WARN_EMPTY_BODY = YES;
				CLANG_WARN_ENUM_CONVERSION = YES;
				CLANG_WARN_INFINITE_RECURSION = YES;
				CLANG_WARN_INT_CONVERSION = YES;
				CLANG_WARN_NON_LITERAL_NULL_CONVERSION = YES;
				CLANG_WARN_OBJC_IMPLICIT_RETAIN_SELF = YES;
				CLANG_WARN_OBJC_LITERAL_CONVERSION = YES;
				CLANG_WARN_OBJC_ROOT_CLASS = YES_ERROR;
				CLANG_WARN_QUOTED_INCLUDE_IN_FRAMEWORK_HEADER = YES;
				CLANG_WARN_RANGE_LOOP_ANALYSIS = YES;
				CLANG_WARN_STRICT_PROTOTYPES = YES;
				CLANG_WARN_SUSPICIOUS_MOVE = YES;
				CLANG_WARN_UNGUARDED_AVAILABILITY = YES_AGGRESSIVE;
				CLANG_WARN_UNREACHABLE_CODE = YES;
				CLANG_WARN__DUPLICATE_METHOD_MATCH = YES;
				COPY_PHASE_STRIP = NO;
				DEBUG_INFORMATION_FORMAT = dwarf;
				ENABLE_STRICT_OBJC_MSGSEND = YES;
				ENABLE_TESTABILITY = YES;
				GCC_C_LANGUAGE_STANDARD = gnu11;
				GCC_DYNAMIC_NO_PIC = NO;
				GCC_NO_COMMON_BLOCKS = YES;
				GCC_OPTIMIZATION_LEVEL = 0;
				GCC_PREPROCESSOR_DEFINITIONS = (
					"DEBUG=1",
					"$(inherited)",
				);
				GCC_WARN_64_TO_32_BIT_CONVERSION = YES;
				GCC_WARN_ABOUT_RETURN_TYPE = YES_ERROR;
				GCC_WARN_UNDECLARED_SELECTOR = YES;
				GCC_WARN_UNINITIALIZED_AUTOS = YES_AGGRESSIVE;
				GCC_WARN_UNUSED_FUNCTION = YES;
				GCC_WARN_UNUSED_VARIABLE = YES;
				IPHONEOS_DEPLOYMENT_TARGET = 15.5;
				MTL_ENABLE_DEBUG_INFO = INCLUDE_SOURCE;
				MTL_FAST_MATH = YES;
				ONLY_ACTIVE_ARCH = YES;
				SDKROOT = iphoneos;
				SWIFT_ACTIVE_COMPILATION_CONDITIONS = DEBUG;
				SWIFT_OPTIMIZATION_LEVEL = "-Onone";
			};
			name = Debug;
		};
		8A34900328AEFC5A00ECB07D /* Release */ = {
			isa = XCBuildConfiguration;
			buildSettings = {
				ALWAYS_SEARCH_USER_PATHS = NO;
				CLANG_ANALYZER_NONNULL = YES;
				CLANG_ANALYZER_NUMBER_OBJECT_CONVERSION = YES_AGGRESSIVE;
				CLANG_CXX_LANGUAGE_STANDARD = "gnu++17";
				CLANG_ENABLE_MODULES = YES;
				CLANG_ENABLE_OBJC_ARC = YES;
				CLANG_ENABLE_OBJC_WEAK = YES;
				CLANG_WARN_BLOCK_CAPTURE_AUTORELEASING = YES;
				CLANG_WARN_BOOL_CONVERSION = YES;
				CLANG_WARN_COMMA = YES;
				CLANG_WARN_CONSTANT_CONVERSION = YES;
				CLANG_WARN_DEPRECATED_OBJC_IMPLEMENTATIONS = YES;
				CLANG_WARN_DIRECT_OBJC_ISA_USAGE = YES_ERROR;
				CLANG_WARN_DOCUMENTATION_COMMENTS = YES;
				CLANG_WARN_EMPTY_BODY = YES;
				CLANG_WARN_ENUM_CONVERSION = YES;
				CLANG_WARN_INFINITE_RECURSION = YES;
				CLANG_WARN_INT_CONVERSION = YES;
				CLANG_WARN_NON_LITERAL_NULL_CONVERSION = YES;
				CLANG_WARN_OBJC_IMPLICIT_RETAIN_SELF = YES;
				CLANG_WARN_OBJC_LITERAL_CONVERSION = YES;
				CLANG_WARN_OBJC_ROOT_CLASS = YES_ERROR;
				CLANG_WARN_QUOTED_INCLUDE_IN_FRAMEWORK_HEADER = YES;
				CLANG_WARN_RANGE_LOOP_ANALYSIS = YES;
				CLANG_WARN_STRICT_PROTOTYPES = YES;
				CLANG_WARN_SUSPICIOUS_MOVE = YES;
				CLANG_WARN_UNGUARDED_AVAILABILITY = YES_AGGRESSIVE;
				CLANG_WARN_UNREACHABLE_CODE = YES;
				CLANG_WARN__DUPLICATE_METHOD_MATCH = YES;
				COPY_PHASE_STRIP = NO;
				DEBUG_INFORMATION_FORMAT = "dwarf-with-dsym";
				ENABLE_NS_ASSERTIONS = NO;
				ENABLE_STRICT_OBJC_MSGSEND = YES;
				GCC_C_LANGUAGE_STANDARD = gnu11;
				GCC_NO_COMMON_BLOCKS = YES;
				GCC_WARN_64_TO_32_BIT_CONVERSION = YES;
				GCC_WARN_ABOUT_RETURN_TYPE = YES_ERROR;
				GCC_WARN_UNDECLARED_SELECTOR = YES;
				GCC_WARN_UNINITIALIZED_AUTOS = YES_AGGRESSIVE;
				GCC_WARN_UNUSED_FUNCTION = YES;
				GCC_WARN_UNUSED_VARIABLE = YES;
				IPHONEOS_DEPLOYMENT_TARGET = 15.5;
				MTL_ENABLE_DEBUG_INFO = NO;
				MTL_FAST_MATH = YES;
				SDKROOT = iphoneos;
				SWIFT_COMPILATION_MODE = wholemodule;
				SWIFT_OPTIMIZATION_LEVEL = "-O";
				VALIDATE_PRODUCT = YES;
			};
			name = Release;
		};
		8A34900528AEFC5A00ECB07D /* Debug */ = {
			isa = XCBuildConfiguration;
			buildSettings = {
				ASSETCATALOG_COMPILER_APPICON_NAME = AppIcon;
				ASSETCATALOG_COMPILER_GLOBAL_ACCENT_COLOR_NAME = AccentColor;
				CODE_SIGN_STYLE = Automatic;
				CURRENT_PROJECT_VERSION = 1;
				DEVELOPMENT_ASSET_PATHS = "\"Contacts App/Preview Content\"";
				ENABLE_PREVIEWS = YES;
				GENERATE_INFOPLIST_FILE = YES;
				INFOPLIST_KEY_UIApplicationSceneManifest_Generation = YES;
				INFOPLIST_KEY_UIApplicationSupportsIndirectInputEvents = YES;
				INFOPLIST_KEY_UILaunchScreen_Generation = YES;
				INFOPLIST_KEY_UISupportedInterfaceOrientations_iPad = "UIInterfaceOrientationPortrait UIInterfaceOrientationPortraitUpsideDown UIInterfaceOrientationLandscapeLeft UIInterfaceOrientationLandscapeRight";
				INFOPLIST_KEY_UISupportedInterfaceOrientations_iPhone = "UIInterfaceOrientationPortrait UIInterfaceOrientationLandscapeLeft UIInterfaceOrientationLandscapeRight";
				LD_RUNPATH_SEARCH_PATHS = (
					"$(inherited)",
					"@executable_path/Frameworks",
				);
				MARKETING_VERSION = 1.0;
				PRODUCT_BUNDLE_IDENTIFIER = "Sofit.Contacts-App";
				PRODUCT_NAME = "$(TARGET_NAME)";
				SWIFT_EMIT_LOC_STRINGS = YES;
				SWIFT_VERSION = 5.0;
				TARGETED_DEVICE_FAMILY = "1,2";
			};
			name = Debug;
		};
		8A34900628AEFC5A00ECB07D /* Release */ = {
			isa = XCBuildConfiguration;
			buildSettings = {
				ASSETCATALOG_COMPILER_APPICON_NAME = AppIcon;
				ASSETCATALOG_COMPILER_GLOBAL_ACCENT_COLOR_NAME = AccentColor;
				CODE_SIGN_STYLE = Automatic;
				CURRENT_PROJECT_VERSION = 1;
				DEVELOPMENT_ASSET_PATHS = "\"Contacts App/Preview Content\"";
				ENABLE_PREVIEWS = YES;
				GENERATE_INFOPLIST_FILE = YES;
				INFOPLIST_KEY_UIApplicationSceneManifest_Generation = YES;
				INFOPLIST_KEY_UIApplicationSupportsIndirectInputEvents = YES;
				INFOPLIST_KEY_UILaunchScreen_Generation = YES;
				INFOPLIST_KEY_UISupportedInterfaceOrientations_iPad = "UIInterfaceOrientationPortrait UIInterfaceOrientationPortraitUpsideDown UIInterfaceOrientationLandscapeLeft UIInterfaceOrientationLandscapeRight";
				INFOPLIST_KEY_UISupportedInterfaceOrientations_iPhone = "UIInterfaceOrientationPortrait UIInterfaceOrientationLandscapeLeft UIInterfaceOrientationLandscapeRight";
				LD_RUNPATH_SEARCH_PATHS = (
					"$(inherited)",
					"@executable_path/Frameworks",
				);
				MARKETING_VERSION = 1.0;
				PRODUCT_BUNDLE_IDENTIFIER = "Sofit.Contacts-App";
				PRODUCT_NAME = "$(TARGET_NAME)";
				SWIFT_EMIT_LOC_STRINGS = YES;
				SWIFT_VERSION = 5.0;
				TARGETED_DEVICE_FAMILY = "1,2";
			};
			name = Release;
		};
/* End XCBuildConfiguration section */

/* Begin XCConfigurationList section */
		8A348FF128AEFC5600ECB07D /* Build configuration list for PBXProject "Contacts App" */ = {
			isa = XCConfigurationList;
			buildConfigurations = (
				8A34900228AEFC5A00ECB07D /* Debug */,
				8A34900328AEFC5A00ECB07D /* Release */,
			);
			defaultConfigurationIsVisible = 0;
			defaultConfigurationName = Release;
		};
		8A34900428AEFC5A00ECB07D /* Build configuration list for PBXNativeTarget "Contacts App" */ = {
			isa = XCConfigurationList;
			buildConfigurations = (
				8A34900528AEFC5A00ECB07D /* Debug */,
				8A34900628AEFC5A00ECB07D /* Release */,
			);
			defaultConfigurationIsVisible = 0;
			defaultConfigurationName = Release;
		};
/* End XCConfigurationList section */
	};
	rootObject = 8A348FEE28AEFC5600ECB07D /* Project object */;
}
